{
  "originHash" : "7e860837ad55f6870a40eeab55c75710a3c5251cea9993844226fdcb593bf23a",
  "pins" : [
    {
      "identity" : "fluidaudio",
      "kind" : "remoteSourceControl",
      "location" : "https://github.com/FluidInference/FluidAudio.git",
      "state" : {
        "revision" : "87a39dfe4068fef0f1c69bfe704b2b3ef4fbc5bc",
        "version" : "0.15.8"
      }
    }
  ],
  "version" : 3
}
